
Microsoft Visual Studio Solution File, Format Version 12.00
# Visual Studio 15
Project("{FAE04EC0-301F-11D3-BF4B-00C04F79EFBC}") = "CRUD_Razor_2_1", "CRUD_Razor_2_1\CRUD_Razor_2_1.csproj", "{9B1037D1-DA25-4FC6-8D7A-6E8016EE5BCC}"
EndProject
Project("{FAE04EC0-301F-11D3-BF4B-00C04F79EFBC}") = "CRUD_Tests", "CRUD_Tests\CRUD_Tests.csproj", "{A02B4D4C-ECF5-4302-8FE1-9B52D5B602A2}"
EndProject
Global
	GlobalSection(SolutionConfigurationPlatforms) = preSolution
		Debug|Any CPU = Debug|Any CPU
		Release|Any CPU = Release|Any CPU
	EndGlobalSection
	GlobalSection(ProjectConfigurationPlatforms) = postSolution
		{9B1037D1-DA25-4FC6-8D7A-6E8016EE5BCC}.Debug|Any CPU.ActiveCfg = Debug|Any CPU
		{9B1037D1-DA25-4FC6-8D7A-6E8016EE5BCC}.Debug|Any CPU.Build.0 = Debug|Any CPU
		{9B1037D1-DA25-4FC6-8D7A-6E8016EE5BCC}.Release|Any CPU.ActiveCfg = Release|Any CPU
		{9B1037D1-DA25-4FC6-8D7A-6E8016EE5BCC}.Release|Any CPU.Build.0 = Release|Any CPU
		{A02B4D4C-ECF5-4302-8FE1-9B52D5B602A2}.Debug|Any CPU.ActiveCfg = Debug|Any CPU
		{A02B4D4C-ECF5-4302-8FE1-9B52D5B602A2}.Debug|Any CPU.Build.0 = Debug|Any CPU
		{A02B4D4C-ECF5-4302-8FE1-9B52D5B602A2}.Release|Any CPU.ActiveCfg = Release|Any CPU
		{A02B4D4C-ECF5-4302-8FE1-9B52D5B602A2}.Release|Any CPU.Build.0 = Release|Any CPU
	EndGlobalSection
EndGlobal
